
Microsoft Visual Studio Solution File, Format Version 12.00
# Visual Studio Version 16
VisualStudioVersion = 16.0.29905.134
MinimumVisualStudioVersion = 10.0.40219.1
Project("{FAE04EC0-301F-11D3-BF4B-00C04F79EFBC}") = "CodeChallenge", "CodeChallenge\CodeChallenge.csproj", "{A3F9DA80-B0F2-437B-9588-619E709EE92B}"
EndProject
Project("{FAE04EC0-301F-11D3-BF4B-00C04F79EFBC}") = "CodeChallenge.Test", "CodeChallenge.Test\CodeChallenge.Test.csproj", "{C778F0C7-677D-4409-A9B6-FF5931338563}"
EndProject
Global
	GlobalSection(SolutionConfigurationPlatforms) = preSolution
		Debug|Any CPU = Debug|Any CPU
		Release|Any CPU = Release|Any CPU
	EndGlobalSection
	GlobalSection(ProjectConfigurationPlatforms) = postSolution
		{A3F9DA80-B0F2-437B-9588-619E709EE92B}.Debug|Any CPU.ActiveCfg = Debug|Any CPU
		{A3F9DA80-B0F2-437B-9588-619E709EE92B}.Debug|Any CPU.Build.0 = Debug|Any CPU
		{A3F9DA80-B0F2-437B-9588-619E709EE92B}.Release|Any CPU.ActiveCfg = Release|Any CPU
		{A3F9DA80-B0F2-437B-9588-619E709EE92B}.Release|Any CPU.Build.0 = Release|Any CPU
		{C778F0C7-677D-4409-A9B6-FF5931338563}.Debug|Any CPU.ActiveCfg = Debug|Any CPU
		{C778F0C7-677D-4409-A9B6-FF5931338563}.Debug|Any CPU.Build.0 = Debug|Any CPU
		{C778F0C7-677D-4409-A9B6-FF5931338563}.Release|Any CPU.ActiveCfg = Release|Any CPU
		{C778F0C7-677D-4409-A9B6-FF5931338563}.Release|Any CPU.Build.0 = Release|Any CPU
	EndGlobalSection
	GlobalSection(SolutionProperties) = preSolution
		HideSolutionNode = FALSE
	EndGlobalSection
	GlobalSection(ExtensibilityGlobals) = postSolution
		SolutionGuid = {3B9CD696-EFE5-4DF3-83D1-A36E651CCE55}
	EndGlobalSection
EndGlobal
